
Microsoft Visual Studio Solution File, Format Version 12.00
# Visual Studio Version 17
VisualStudioVersion = 17.3.32929.385
MinimumVisualStudioVersion = 10.0.40219.1
Project("{FAE04EC0-301F-11D3-BF4B-00C04F79EFBC}") = "AgendaTelefonica.Android", "AgendaTelefonica\AgendaTelefonica.Android\AgendaTelefonica.Android.csproj", "{867B121C-E1A0-4320-A92D-A124B7430A0B}"
EndProject
Project("{FAE04EC0-301F-11D3-BF4B-00C04F79EFBC}") = "AgendaTelefonica.iOS", "AgendaTelefonica\AgendaTelefonica.iOS\AgendaTelefonica.iOS.csproj", "{27A52AC0-E526-4DFC-9B2B-2EC56A73910D}"
EndProject
Project("{FAE04EC0-301F-11D3-BF4B-00C04F79EFBC}") = "AgendaTelefonica", "AgendaTelefonica\AgendaTelefonica\AgendaTelefonica.csproj", "{D9727E79-854A-4EBA-BF34-389F5B0CD630}"
EndProject
Global
	GlobalSection(SolutionConfigurationPlatforms) = preSolution
		Debug|Any CPU = Debug|Any CPU
		Debug|iPhone = Debug|iPhone
		Debug|iPhoneSimulator = Debug|iPhoneSimulator
		Release|Any CPU = Release|Any CPU
		Release|iPhone = Release|iPhone
		Release|iPhoneSimulator = Release|iPhoneSimulator
	EndGlobalSection
	GlobalSection(ProjectConfigurationPlatforms) = postSolution
		{867B121C-E1A0-4320-A92D-A124B7430A0B}.Debug|Any CPU.ActiveCfg = Debug|Any CPU
		{867B121C-E1A0-4320-A92D-A124B7430A0B}.Debug|Any CPU.Build.0 = Debug|Any CPU
		{867B121C-E1A0-4320-A92D-A124B7430A0B}.Debug|Any CPU.Deploy.0 = Debug|Any CPU
		{867B121C-E1A0-4320-A92D-A124B7430A0B}.Debug|iPhone.ActiveCfg = Debug|Any CPU
		{867B121C-E1A0-4320-A92D-A124B7430A0B}.Debug|iPhone.Build.0 = Debug|Any CPU
		{867B121C-E1A0-4320-A92D-A124B7430A0B}.Debug|iPhone.Deploy.0 = Debug|Any CPU
		{867B121C-E1A0-4320-A92D-A124B7430A0B}.Debug|iPhoneSimulator.ActiveCfg = Debug|Any CPU
		{867B121C-E1A0-4320-A92D-A124B7430A0B}.Debug|iPhoneSimulator.Build.0 = Debug|Any CPU
		{867B121C-E1A0-4320-A92D-A124B7430A0B}.Debug|iPhoneSimulator.Deploy.0 = Debug|Any CPU
		{867B121C-E1A0-4320-A92D-A124B7430A0B}.Release|Any CPU.ActiveCfg = Release|Any CPU
		{867B121C-E1A0-4320-A92D-A124B7430A0B}.Release|Any CPU.Build.0 = Release|Any CPU
		{867B121C-E1A0-4320-A92D-A124B7430A0B}.Release|Any CPU.Deploy.0 = Release|Any CPU
		{867B121C-E1A0-4320-A92D-A124B7430A0B}.Release|iPhone.ActiveCfg = Release|Any CPU
		{867B121C-E1A0-4320-A92D-A124B7430A0B}.Release|iPhone.Build.0 = Release|Any CPU
		{867B121C-E1A0-4320-A92D-A124B7430A0B}.Release|iPhone.Deploy.0 = Release|Any CPU
		{867B121C-E1A0-4320-A92D-A124B7430A0B}.Release|iPhoneSimulator.ActiveCfg = Release|Any CPU
		{867B121C-E1A0-4320-A92D-A124B7430A0B}.Release|iPhoneSimulator.Build.0 = Release|Any CPU
		{867B121C-E1A0-4320-A92D-A124B7430A0B}.Release|iPhoneSimulator.Deploy.0 = Release|Any CPU
		{27A52AC0-E526-4DFC-9B2B-2EC56A73910D}.Debug|Any CPU.ActiveCfg = Debug|iPhone
		{27A52AC0-E526-4DFC-9B2B-2EC56A73910D}.Debug|Any CPU.Build.0 = Debug|iPhone
		{27A52AC0-E526-4DFC-9B2B-2EC56A73910D}.Debug|Any CPU.Deploy.0 = Debug|iPhone
		{27A52AC0-E526-4DFC-9B2B-2EC56A73910D}.Debug|iPhone.ActiveCfg = Debug|iPhone
		{27A52AC0-E526-4DFC-9B2B-2EC56A73910D}.Debug|iPhone.Build.0 = Debug|iPhone
		{27A52AC0-E526-4DFC-9B2B-2EC56A73910D}.Debug|iPhone.Deploy.0 = Debug|iPhone
		{27A52AC0-E526-4DFC-9B2B-2EC56A73910D}.Debug|iPhoneSimulator.ActiveCfg = Debug|iPhoneSimulator
		{27A52AC0-E526-4DFC-9B2B-2EC56A73910D}.Debug|iPhoneSimulator.Build.0 = Debug|iPhoneSimulator
		{27A52AC0-E526-4DFC-9B2B-2EC56A73910D}.Debug|iPhoneSimulator.Deploy.0 = Debug|iPhoneSimulator
		{27A52AC0-E526-4DFC-9B2B-2EC56A73910D}.Release|Any CPU.ActiveCfg = Release|iPhoneSimulator
		{27A52AC0-E526-4DFC-9B2B-2EC56A73910D}.Release|Any CPU.Build.0 = Release|iPhoneSimulator
		{27A52AC0-E526-4DFC-9B2B-2EC56A73910D}.Release|Any CPU.Deploy.0 = Release|iPhoneSimulator
		{27A52AC0-E526-4DFC-9B2B-2EC56A73910D}.Release|iPhone.ActiveCfg = Release|iPhone
		{27A52AC0-E526-4DFC-9B2B-2EC56A73910D}.Release|iPhone.Build.0 = Release|iPhone
		{27A52AC0-E526-4DFC-9B2B-2EC56A73910D}.Release|iPhone.Deploy.0 = Release|iPhone
		{27A52AC0-E526-4DFC-9B2B-2EC56A73910D}.Release|iPhoneSimulator.ActiveCfg = Release|iPhoneSimulator
		{27A52AC0-E526-4DFC-9B2B-2EC56A73910D}.Release|iPhoneSimulator.Build.0 = Release|iPhoneSimulator
		{27A52AC0-E526-4DFC-9B2B-2EC56A73910D}.Release|iPhoneSimulator.Deploy.0 = Release|iPhoneSimulator
		{D9727E79-854A-4EBA-BF34-389F5B0CD630}.Debug|Any CPU.ActiveCfg = Debug|Any CPU
		{D9727E79-854A-4EBA-BF34-389F5B0CD630}.Debug|Any CPU.Build.0 = Debug|Any CPU
		{D9727E79-854A-4EBA-BF34-389F5B0CD630}.Debug|Any CPU.Deploy.0 = Debug|Any CPU
		{D9727E79-854A-4EBA-BF34-389F5B0CD630}.Debug|iPhone.ActiveCfg = Debug|Any CPU
		{D9727E79-854A-4EBA-BF34-389F5B0CD630}.Debug|iPhone.Build.0 = Debug|Any CPU
		{D9727E79-854A-4EBA-BF34-389F5B0CD630}.Debug|iPhone.Deploy.0 = Debug|Any CPU
		{D9727E79-854A-4EBA-BF34-389F5B0CD630}.Debug|iPhoneSimulator.ActiveCfg = Debug|Any CPU
		{D9727E79-854A-4EBA-BF34-389F5B0CD630}.Debug|iPhoneSimulator.Build.0 = Debug|Any CPU
		{D9727E79-854A-4EBA-BF34-389F5B0CD630}.Debug|iPhoneSimulator.Deploy.0 = Debug|Any CPU
		{D9727E79-854A-4EBA-BF34-389F5B0CD630}.Release|Any CPU.ActiveCfg = Release|Any CPU
		{D9727E79-854A-4EBA-BF34-389F5B0CD630}.Release|Any CPU.Build.0 = Release|Any CPU
		{D9727E79-854A-4EBA-BF34-389F5B0CD630}.Release|Any CPU.Deploy.0 = Release|Any CPU
		{D9727E79-854A-4EBA-BF34-389F5B0CD630}.Release|iPhone.ActiveCfg = Release|Any CPU
		{D9727E79-854A-4EBA-BF34-389F5B0CD630}.Release|iPhone.Build.0 = Release|Any CPU
		{D9727E79-854A-4EBA-BF34-389F5B0CD630}.Release|iPhone.Deploy.0 = Release|Any CPU
		{D9727E79-854A-4EBA-BF34-389F5B0CD630}.Release|iPhoneSimulator.ActiveCfg = Release|Any CPU
		{D9727E79-854A-4EBA-BF34-389F5B0CD630}.Release|iPhoneSimulator.Build.0 = Release|Any CPU
		{D9727E79-854A-4EBA-BF34-389F5B0CD630}.Release|iPhoneSimulator.Deploy.0 = Release|Any CPU
	EndGlobalSection
	GlobalSection(SolutionProperties) = preSolution
		HideSolutionNode = FALSE
	EndGlobalSection
	GlobalSection(ExtensibilityGlobals) = postSolution
		SolutionGuid = {879D3784-CBBD-44FE-BD30-CE0797EF6D6F}
	EndGlobalSection
EndGlobal
